{
  "name": "forms_cet4",
  "lockfileVersion": 3,
  "requires": true,
  "packages": {
    "": {
      "dependencies": {
        "phil-reg-prov-mun-brgy": "^1.1.0"
      }
    },
    "node_modules/phil-reg-prov-mun-brgy": {
      "version": "1.1.0",
      "resolved": "https://registry.npmjs.org/phil-reg-prov-mun-brgy/-/phil-reg-prov-mun-brgy-1.1.0.tgz",
      "integrity": "sha512-lD47cbyIKyLX30+V8yTgzhQoIWtpvEwlWzgjbMqPBJgTRVZYVj+Kc9B0KJjG8z1VvXEaJSBVlS5uonoNR+bb6Q=="
    }
  }
}
